# This file is autogenerated, do not edit; changes may be undone by the next 'dep ensure'.


[[projects]]
  branch = "master"
  digest = "1:cff3c69ec91fcd8c659fddb3a626d7d191912cdb7154caad332c205d634c05c1"
  name = "github.com/protosam/go-libnss"
  packages = [
    ".",
    "structs",
  ]
  pruneopts = "UT"
  revision = "0679a48ed54a9c2ca5a3b1dfc6cb079697ff2879"

[solve-meta]
  analyzer-name = "dep"
  analyzer-version = 1
  input-imports = [
    "github.com/protosam/go-libnss",
    "github.com/protosam/go-libnss/structs",
  ]
  solver-name = "gps-cdcl"
  solver-version = 1
